
Microsoft Visual Studio Solution File, Format Version 12.00
# Visual Studio Version 16
VisualStudioVersion = 16.0.29609.76
MinimumVisualStudioVersion = 10.0.40219.1
Project("{9A19103F-16F7-4668-BE54-9A1E7A4F7556}") = "SlackAdapterBot", "60.slack-adapter\SlackAdapterBot.csproj", "{34FC5666-6658-4A08-A6A7-72C95CFD935A}"
EndProject
Project("{2150E333-8FDC-42A3-9474-1A3956D46DE8}") = "Skills-SimpleBotToBot", "Skills-SimpleBotToBot", "{A5567E91-578D-4212-A3CA-2EFEA116E109}"
	ProjectSection(SolutionItems) = preProject
		80.skills-simple-bot-to-bot\README.md = 80.skills-simple-bot-to-bot\README.md
	EndProjectSection
EndProject
Project("{9A19103F-16F7-4668-BE54-9A1E7A4F7556}") = "EchoSkillBot", "80.skills-simple-bot-to-bot\EchoSkillBot\EchoSkillBot.csproj", "{2FBBEF64-E34C-486A-B98E-65B5B722C24E}"
EndProject
Project("{9A19103F-16F7-4668-BE54-9A1E7A4F7556}") = "SimpleRootBot", "80.skills-simple-bot-to-bot\SimpleRootBot\SimpleRootBot.csproj", "{13406183-D1CB-4C2E-A3A6-95559CFB922F}"
EndProject
Project("{2150E333-8FDC-42A3-9474-1A3956D46DE8}") = "Skills-SkillDialog", "Skills-SkillDialog", "{B1D88331-C060-4250-9CED-5B397D3C9835}"
	ProjectSection(SolutionItems) = preProject
		81.skills-skilldialog\README.md = 81.skills-skilldialog\README.md
	EndProjectSection
EndProject
Project("{9A19103F-16F7-4668-BE54-9A1E7A4F7556}") = "DialogRootBot", "81.skills-skilldialog\DialogRootBot\DialogRootBot.csproj", "{69CE6608-A23B-4D41-B70E-50E91B1FCBCA}"
EndProject
Project("{9A19103F-16F7-4668-BE54-9A1E7A4F7556}") = "DialogSkillBot", "81.skills-skilldialog\DialogSkillBot\DialogSkillBot.csproj", "{97ED3103-3C3F-4906-B271-8601104CC725}"
EndProject
Project("{9A19103F-16F7-4668-BE54-9A1E7A4F7556}") = "Microsoft.Bot.Builder.Adapters.Slack", "..\..\..\botbuilder-dotnet\libraries\Adapters\Microsoft.Bot.Builder.Adapters.Slack\Microsoft.Bot.Builder.Adapters.Slack.csproj", "{931A15A0-011F-4939-AE05-42E9EBF31DF0}"
EndProject
Project("{9A19103F-16F7-4668-BE54-9A1E7A4F7556}") = "MultiTurnPromptBot", "05.multi-turn-prompt\MultiTurnPromptBot.csproj", "{1E69D407-DA79-4976-998D-8A05812382C3}"
EndProject
Project("{9A19103F-16F7-4668-BE54-9A1E7A4F7556}") = "Microsoft.Bot.Builder.Dialogs", "..\..\..\botbuilder-dotnet\libraries\Microsoft.Bot.Builder.Dialogs\Microsoft.Bot.Builder.Dialogs.csproj", "{3A402035-34ED-4A40-AD6A-A8CE46F338E8}"
EndProject
Global
	GlobalSection(SolutionConfigurationPlatforms) = preSolution
		Debug|Any CPU = Debug|Any CPU
		Release|Any CPU = Release|Any CPU
	EndGlobalSection
	GlobalSection(ProjectConfigurationPlatforms) = postSolution
		{34FC5666-6658-4A08-A6A7-72C95CFD935A}.Debug|Any CPU.ActiveCfg = Debug|Any CPU
		{34FC5666-6658-4A08-A6A7-72C95CFD935A}.Debug|Any CPU.Build.0 = Debug|Any CPU
		{34FC5666-6658-4A08-A6A7-72C95CFD935A}.Release|Any CPU.ActiveCfg = Release|Any CPU
		{34FC5666-6658-4A08-A6A7-72C95CFD935A}.Release|Any CPU.Build.0 = Release|Any CPU
		{2FBBEF64-E34C-486A-B98E-65B5B722C24E}.Debug|Any CPU.ActiveCfg = Debug|Any CPU
		{2FBBEF64-E34C-486A-B98E-65B5B722C24E}.Debug|Any CPU.Build.0 = Debug|Any CPU
		{2FBBEF64-E34C-486A-B98E-65B5B722C24E}.Release|Any CPU.ActiveCfg = Release|Any CPU
		{2FBBEF64-E34C-486A-B98E-65B5B722C24E}.Release|Any CPU.Build.0 = Release|Any CPU
		{13406183-D1CB-4C2E-A3A6-95559CFB922F}.Debug|Any CPU.ActiveCfg = Debug|Any CPU
		{13406183-D1CB-4C2E-A3A6-95559CFB922F}.Debug|Any CPU.Build.0 = Debug|Any CPU
		{13406183-D1CB-4C2E-A3A6-95559CFB922F}.Release|Any CPU.ActiveCfg = Release|Any CPU
		{13406183-D1CB-4C2E-A3A6-95559CFB922F}.Release|Any CPU.Build.0 = Release|Any CPU
		{69CE6608-A23B-4D41-B70E-50E91B1FCBCA}.Debug|Any CPU.ActiveCfg = Debug|Any CPU
		{69CE6608-A23B-4D41-B70E-50E91B1FCBCA}.Debug|Any CPU.Build.0 = Debug|Any CPU
		{69CE6608-A23B-4D41-B70E-50E91B1FCBCA}.Release|Any CPU.ActiveCfg = Release|Any CPU
		{69CE6608-A23B-4D41-B70E-50E91B1FCBCA}.Release|Any CPU.Build.0 = Release|Any CPU
		{97ED3103-3C3F-4906-B271-8601104CC725}.Debug|Any CPU.ActiveCfg = Debug|Any CPU
		{97ED3103-3C3F-4906-B271-8601104CC725}.Debug|Any CPU.Build.0 = Debug|Any CPU
		{97ED3103-3C3F-4906-B271-8601104CC725}.Release|Any CPU.ActiveCfg = Release|Any CPU
		{97ED3103-3C3F-4906-B271-8601104CC725}.Release|Any CPU.Build.0 = Release|Any CPU
		{931A15A0-011F-4939-AE05-42E9EBF31DF0}.Debug|Any CPU.ActiveCfg = Debug|Any CPU
		{931A15A0-011F-4939-AE05-42E9EBF31DF0}.Debug|Any CPU.Build.0 = Debug|Any CPU
		{931A15A0-011F-4939-AE05-42E9EBF31DF0}.Release|Any CPU.ActiveCfg = Release|Any CPU
		{931A15A0-011F-4939-AE05-42E9EBF31DF0}.Release|Any CPU.Build.0 = Release|Any CPU
		{1E69D407-DA79-4976-998D-8A05812382C3}.Debug|Any CPU.ActiveCfg = Debug|Any CPU
		{1E69D407-DA79-4976-998D-8A05812382C3}.Debug|Any CPU.Build.0 = Debug|Any CPU
		{1E69D407-DA79-4976-998D-8A05812382C3}.Release|Any CPU.ActiveCfg = Release|Any CPU
		{1E69D407-DA79-4976-998D-8A05812382C3}.Release|Any CPU.Build.0 = Release|Any CPU
		{3A402035-34ED-4A40-AD6A-A8CE46F338E8}.Debug|Any CPU.ActiveCfg = Debug|Any CPU
		{3A402035-34ED-4A40-AD6A-A8CE46F338E8}.Debug|Any CPU.Build.0 = Debug|Any CPU
		{3A402035-34ED-4A40-AD6A-A8CE46F338E8}.Release|Any CPU.ActiveCfg = Release|Any CPU
		{3A402035-34ED-4A40-AD6A-A8CE46F338E8}.Release|Any CPU.Build.0 = Release|Any CPU
	EndGlobalSection
	GlobalSection(SolutionProperties) = preSolution
		HideSolutionNode = FALSE
	EndGlobalSection
	GlobalSection(NestedProjects) = preSolution
		{2FBBEF64-E34C-486A-B98E-65B5B722C24E} = {A5567E91-578D-4212-A3CA-2EFEA116E109}
		{13406183-D1CB-4C2E-A3A6-95559CFB922F} = {A5567E91-578D-4212-A3CA-2EFEA116E109}
		{69CE6608-A23B-4D41-B70E-50E91B1FCBCA} = {B1D88331-C060-4250-9CED-5B397D3C9835}
		{97ED3103-3C3F-4906-B271-8601104CC725} = {B1D88331-C060-4250-9CED-5B397D3C9835}
	EndGlobalSection
	GlobalSection(ExtensibilityGlobals) = postSolution
		SolutionGuid = {6AF4AF72-D00E-45C4-B3B2-E30FBE53245A}
	EndGlobalSection
EndGlobal
